
Microsoft Visual Studio Solution File, Format Version 12.00
# Visual Studio 15
Project("{FAE04EC0-301F-11D3-BF4B-00C04F79EFBC}") = "Assembly-CSharp", "Assembly-CSharp.csproj", "{3CE50C10-937E-3294-257F-9761920F9697}"
EndProject
Project("{FAE04EC0-301F-11D3-BF4B-00C04F79EFBC}") = "Assembly-CSharp-Editor", "Assembly-CSharp-Editor.csproj", "{DBB5DDCD-61D5-E076-F64D-00E250712598}"
EndProject
Global
	GlobalSection(SolutionConfigurationPlatforms) = preSolution
		Debug|Any CPU = Debug|Any CPU
		Release|Any CPU = Release|Any CPU
	EndGlobalSection
	GlobalSection(ProjectConfigurationPlatforms) = postSolution
		{3CE50C10-937E-3294-257F-9761920F9697}.Debug|Any CPU.ActiveCfg = Debug|Any CPU
		{3CE50C10-937E-3294-257F-9761920F9697}.Debug|Any CPU.Build.0 = Debug|Any CPU
		{3CE50C10-937E-3294-257F-9761920F9697}.Release|Any CPU.ActiveCfg = Release|Any CPU
		{3CE50C10-937E-3294-257F-9761920F9697}.Release|Any CPU.Build.0 = Release|Any CPU
		{DBB5DDCD-61D5-E076-F64D-00E250712598}.Debug|Any CPU.ActiveCfg = Debug|Any CPU
		{DBB5DDCD-61D5-E076-F64D-00E250712598}.Debug|Any CPU.Build.0 = Debug|Any CPU
		{DBB5DDCD-61D5-E076-F64D-00E250712598}.Release|Any CPU.ActiveCfg = Release|Any CPU
		{DBB5DDCD-61D5-E076-F64D-00E250712598}.Release|Any CPU.Build.0 = Release|Any CPU
	EndGlobalSection
	GlobalSection(SolutionProperties) = preSolution
		HideSolutionNode = FALSE
	EndGlobalSection
EndGlobal
