
Microsoft Visual Studio Solution File, Format Version 12.00
# Visual Studio 15
Project("{FAE04EC0-301F-11D3-BF4B-00C04F79EFBC}") = "Assembly-CSharp", "Assembly-CSharp.csproj", "{A0717C78-B384-D2B2-3BF2-E1FD78F8F520}"
EndProject
Project("{FAE04EC0-301F-11D3-BF4B-00C04F79EFBC}") = "Assembly-CSharp-Editor", "Assembly-CSharp-Editor.csproj", "{74833483-E920-5F15-BF1A-CC36F682545F}"
EndProject
Global
	GlobalSection(SolutionConfigurationPlatforms) = preSolution
		Debug|Any CPU = Debug|Any CPU
		Release|Any CPU = Release|Any CPU
	EndGlobalSection
	GlobalSection(ProjectConfigurationPlatforms) = postSolution
		{A0717C78-B384-D2B2-3BF2-E1FD78F8F520}.Debug|Any CPU.ActiveCfg = Debug|Any CPU
		{A0717C78-B384-D2B2-3BF2-E1FD78F8F520}.Debug|Any CPU.Build.0 = Debug|Any CPU
		{A0717C78-B384-D2B2-3BF2-E1FD78F8F520}.Release|Any CPU.ActiveCfg = Release|Any CPU
		{A0717C78-B384-D2B2-3BF2-E1FD78F8F520}.Release|Any CPU.Build.0 = Release|Any CPU
		{74833483-E920-5F15-BF1A-CC36F682545F}.Debug|Any CPU.ActiveCfg = Debug|Any CPU
		{74833483-E920-5F15-BF1A-CC36F682545F}.Debug|Any CPU.Build.0 = Debug|Any CPU
		{74833483-E920-5F15-BF1A-CC36F682545F}.Release|Any CPU.ActiveCfg = Release|Any CPU
		{74833483-E920-5F15-BF1A-CC36F682545F}.Release|Any CPU.Build.0 = Release|Any CPU
	EndGlobalSection
	GlobalSection(SolutionProperties) = preSolution
		HideSolutionNode = FALSE
	EndGlobalSection
EndGlobal
